
Microsoft Visual Studio Solution File, Format Version 12.00
# Visual Studio Version 16
VisualStudioVersion = 16.0.29025.244
MinimumVisualStudioVersion = 10.0.40219.1
Project("{9A19103F-16F7-4668-BE54-9A1E7A4F7556}") = "MonitoringSpa", "MonitoringSpa\MonitoringSpa.csproj", "{8FD3A1CC-28FA-4298-A847-21F907B566F3}"
EndProject
Project("{9A19103F-16F7-4668-BE54-9A1E7A4F7556}") = "DataAccess", "DataAccess\DataAccess.csproj", "{47A06C37-BEBE-4B67-9591-A4067E6C8397}"
EndProject
Global
	GlobalSection(SolutionConfigurationPlatforms) = preSolution
		Debug|Any CPU = Debug|Any CPU
		Release|Any CPU = Release|Any CPU
	EndGlobalSection
	GlobalSection(ProjectConfigurationPlatforms) = postSolution
		{8FD3A1CC-28FA-4298-A847-21F907B566F3}.Debug|Any CPU.ActiveCfg = Debug|Any CPU
		{8FD3A1CC-28FA-4298-A847-21F907B566F3}.Debug|Any CPU.Build.0 = Debug|Any CPU
		{8FD3A1CC-28FA-4298-A847-21F907B566F3}.Release|Any CPU.ActiveCfg = Release|Any CPU
		{8FD3A1CC-28FA-4298-A847-21F907B566F3}.Release|Any CPU.Build.0 = Release|Any CPU
		{47A06C37-BEBE-4B67-9591-A4067E6C8397}.Debug|Any CPU.ActiveCfg = Debug|Any CPU
		{47A06C37-BEBE-4B67-9591-A4067E6C8397}.Debug|Any CPU.Build.0 = Debug|Any CPU
		{47A06C37-BEBE-4B67-9591-A4067E6C8397}.Release|Any CPU.ActiveCfg = Release|Any CPU
		{47A06C37-BEBE-4B67-9591-A4067E6C8397}.Release|Any CPU.Build.0 = Release|Any CPU
	EndGlobalSection
	GlobalSection(SolutionProperties) = preSolution
		HideSolutionNode = FALSE
	EndGlobalSection
	GlobalSection(ExtensibilityGlobals) = postSolution
		SolutionGuid = {9855E50F-A3FC-4A97-82C1-076F4B0095BF}
	EndGlobalSection
EndGlobal
